
Microsoft Visual Studio Solution File, Format Version 12.00
# Visual Studio Version 17
VisualStudioVersion = 17.11.35327.3
MinimumVisualStudioVersion = 10.0.40219.1
Project("{FAE04EC0-301F-11D3-BF4B-00C04F79EFBC}") = "Simulator", "Simulator\Simulator.csproj", "{4198EABC-980F-4BFF-8AD1-51514FE321FB}"
EndProject
Global
	GlobalSection(SolutionConfigurationPlatforms) = preSolution
		Debug|Any CPU = Debug|Any CPU
		Release|Any CPU = Release|Any CPU
	EndGlobalSection
	GlobalSection(ProjectConfigurationPlatforms) = postSolution
		{4198EABC-980F-4BFF-8AD1-51514FE321FB}.Debug|Any CPU.ActiveCfg = Debug|Any CPU
		{4198EABC-980F-4BFF-8AD1-51514FE321FB}.Debug|Any CPU.Build.0 = Debug|Any CPU
		{4198EABC-980F-4BFF-8AD1-51514FE321FB}.Release|Any CPU.ActiveCfg = Release|Any CPU
		{4198EABC-980F-4BFF-8AD1-51514FE321FB}.Release|Any CPU.Build.0 = Release|Any CPU
	EndGlobalSection
	GlobalSection(SolutionProperties) = preSolution
		HideSolutionNode = FALSE
	EndGlobalSection
	GlobalSection(ExtensibilityGlobals) = postSolution
		SolutionGuid = {D4808C20-FD5B-4554-84C7-4FE166D24C11}
	EndGlobalSection
EndGlobal
